
Microsoft Visual Studio Solution File, Format Version 12.00
# Visual Studio 15
Project("{FAE04EC0-301F-11D3-BF4B-00C04F79EFBC}") = "ContextualCoverage.Tests", "ContextualCoverage.Tests\ContextualCoverage.Tests.csproj", "{FF2561CD-683C-4652-B29B-55EAA496F0C6}"
EndProject
Project("{FAE04EC0-301F-11D3-BF4B-00C04F79EFBC}") = "ContextualCoverage.Api", "ContextualCoverage.Api\ContextualCoverage.Api.csproj", "{B7EF0D94-3F92-43F4-A8CB-8FF278B079D8}"
EndProject
Project("{FAE04EC0-301F-11D3-BF4B-00C04F79EFBC}") = "ContextualCoverage", "ContextualCoverage\ContextualCoverage.csproj", "{024942D3-F47E-4BB0-9E42-5943617381B7}"
EndProject
Project("{FAE04EC0-301F-11D3-BF4B-00C04F79EFBC}") = "ContextualCoverage.Processor", "ContextualCoverage.Processor\ContextualCoverage.Processor.csproj", "{4648D727-A356-4B04-BFF7-9C20E2A7D750}"
EndProject
Global
	GlobalSection(SolutionConfigurationPlatforms) = preSolution
		Debug|Any CPU = Debug|Any CPU
		Release|Any CPU = Release|Any CPU
	EndGlobalSection
	GlobalSection(ProjectConfigurationPlatforms) = postSolution
		{FF2561CD-683C-4652-B29B-55EAA496F0C6}.Debug|Any CPU.ActiveCfg = Debug|Any CPU
		{FF2561CD-683C-4652-B29B-55EAA496F0C6}.Debug|Any CPU.Build.0 = Debug|Any CPU
		{FF2561CD-683C-4652-B29B-55EAA496F0C6}.Release|Any CPU.ActiveCfg = Release|Any CPU
		{FF2561CD-683C-4652-B29B-55EAA496F0C6}.Release|Any CPU.Build.0 = Release|Any CPU
		{B7EF0D94-3F92-43F4-A8CB-8FF278B079D8}.Debug|Any CPU.ActiveCfg = Debug|Any CPU
		{B7EF0D94-3F92-43F4-A8CB-8FF278B079D8}.Debug|Any CPU.Build.0 = Debug|Any CPU
		{B7EF0D94-3F92-43F4-A8CB-8FF278B079D8}.Release|Any CPU.ActiveCfg = Release|Any CPU
		{B7EF0D94-3F92-43F4-A8CB-8FF278B079D8}.Release|Any CPU.Build.0 = Release|Any CPU
		{024942D3-F47E-4BB0-9E42-5943617381B7}.Debug|Any CPU.ActiveCfg = Debug|Any CPU
		{024942D3-F47E-4BB0-9E42-5943617381B7}.Debug|Any CPU.Build.0 = Debug|Any CPU
		{024942D3-F47E-4BB0-9E42-5943617381B7}.Release|Any CPU.ActiveCfg = Release|Any CPU
		{024942D3-F47E-4BB0-9E42-5943617381B7}.Release|Any CPU.Build.0 = Release|Any CPU
		{4648D727-A356-4B04-BFF7-9C20E2A7D750}.Debug|Any CPU.ActiveCfg = Debug|Any CPU
		{4648D727-A356-4B04-BFF7-9C20E2A7D750}.Debug|Any CPU.Build.0 = Debug|Any CPU
		{4648D727-A356-4B04-BFF7-9C20E2A7D750}.Release|Any CPU.ActiveCfg = Release|Any CPU
		{4648D727-A356-4B04-BFF7-9C20E2A7D750}.Release|Any CPU.Build.0 = Release|Any CPU
	EndGlobalSection
EndGlobal
